
Microsoft Visual Studio Solution File, Format Version 12.00
# Visual Studio 15
VisualStudioVersion = 15.0.28010.2046
MinimumVisualStudioVersion = 10.0.40219.1
Project("{9A19103F-16F7-4668-BE54-9A1E7A4F7556}") = "test", "test.csproj", "{1031A0DC-668C-478B-BB3D-C41A2F5806AF}"
EndProject
Global
	GlobalSection(SolutionConfigurationPlatforms) = preSolution
		Debug|Any CPU = Debug|Any CPU
		Release|Any CPU = Release|Any CPU
	EndGlobalSection
	GlobalSection(ProjectConfigurationPlatforms) = postSolution
		{1031A0DC-668C-478B-BB3D-C41A2F5806AF}.Debug|Any CPU.ActiveCfg = Debug|Any CPU
		{1031A0DC-668C-478B-BB3D-C41A2F5806AF}.Debug|Any CPU.Build.0 = Debug|Any CPU
		{1031A0DC-668C-478B-BB3D-C41A2F5806AF}.Release|Any CPU.ActiveCfg = Release|Any CPU
		{1031A0DC-668C-478B-BB3D-C41A2F5806AF}.Release|Any CPU.Build.0 = Release|Any CPU
	EndGlobalSection
	GlobalSection(SolutionProperties) = preSolution
		HideSolutionNode = FALSE
	EndGlobalSection
	GlobalSection(ExtensibilityGlobals) = postSolution
		SolutionGuid = {FADCA3BB-8B36-448D-9B95-991CF00E7D7F}
	EndGlobalSection
EndGlobal
